// !$*UTF8*$!
{
	archiveVersion = 1;
	classes = {
	};
	objectVersion = 46;
	objects = {

/* Begin PBXBuildFile section */
		9C076EB91AB0BB13002F863D /* main.m in Sources */ = {isa = PBXBuildFile; fileRef = 9C076EB81AB0BB13002F863D /* main.m */; };
		9C076EBC1AB0BB13002F863D /* AppDelegate.m in Sources */ = {isa = PBXBuildFile; fileRef = 9C076EBB1AB0BB13002F863D /* AppDelegate.m */; };
		9C076EC21AB0BB13002F863D /* Main.storyboard in Resources */ = {isa = PBXBuildFile; fileRef = 9C076EC01AB0BB13002F863D /* Main.storyboard */; };
		9C076EC41AB0BB13002F863D /* Images.xcassets in Resources */ = {isa = PBXBuildFile; fileRef = 9C076EC31AB0BB13002F863D /* Images.xcassets */; };
		9C076EC71AB0BB13002F863D /* LaunchScreen.xib in Resources */ = {isa = PBXBuildFile; fileRef = 9C076EC51AB0BB13002F863D /* LaunchScreen.xib */; };
		9C076EE41AB0BDA8002F863D /* AFMTableViewController.m in Sources */ = {isa = PBXBuildFile; fileRef = 9C076EE31AB0BDA8002F863D /* AFMTableViewController.m */; };
		9C681F271AB439670019920A /* AFMSlidingCellSpec.m in Sources */ = {isa = PBXBuildFile; fileRef = 9C681F251AB437A90019920A /* AFMSlidingCellSpec.m */; };
		9C681F291AB439A20019920A /* UIKit.framework in Frameworks */ = {isa = PBXBuildFile; fileRef = 9C681F281AB439A20019920A /* UIKit.framework */; };
		9C681F2B1AB439A80019920A /* Foundation.framework in Frameworks */ = {isa = PBXBuildFile; fileRef = 9C681F2A1AB439A80019920A /* Foundation.framework */; };
		DA725E7F1A2E08F0706797ED /* libPods-Tests.a in Frameworks */ = {isa = PBXBuildFile; fileRef = EDAEF4A711603888FE51615A /* libPods-Tests.a */; };
		DEAB71A27E6699EF23FE97B5 /* libPods-AFMSlidingCell.a in Frameworks */ = {isa = PBXBuildFile; fileRef = 900A18AC59761B3F8EADEA66 /* libPods-AFMSlidingCell.a */; };
/* End PBXBuildFile section */

/* Begin PBXContainerItemProxy section */
		9C076ECD1AB0BB13002F863D /* PBXContainerItemProxy */ = {
			isa = PBXContainerItemProxy;
			containerPortal = 9C076EAB1AB0BB13002F863D /* Project object */;
			proxyType = 1;
			remoteGlobalIDString = 9C076EB21AB0BB13002F863D;
			remoteInfo = AFMSlidingCell;
		};
/* End PBXContainerItemProxy section */

/* Begin PBXFileReference section */
		0065DC2DA420A5510D63FE2E /* Pods-Tests.release.xcconfig */ = {isa = PBXFileReference; includeInIndex = 1; lastKnownFileType = text.xcconfig; name = "Pods-Tests.release.xcconfig"; path = "Pods/Target Support Files/Pods-Tests/Pods-Tests.release.xcconfig"; sourceTree = "<group>"; };
		281F17BA9F521A666007A0BD /* Pods-AFMSlidingCell.debug.xcconfig */ = {isa = PBXFileReference; includeInIndex = 1; lastKnownFileType = text.xcconfig; name = "Pods-AFMSlidingCell.debug.xcconfig"; path = "Pods/Target Support Files/Pods-AFMSlidingCell/Pods-AFMSlidingCell.debug.xcconfig"; sourceTree = "<group>"; };
		56B04ED893DCA97CC26E46EC /* Pods-AFMSlidingCell.release.xcconfig */ = {isa = PBXFileReference; includeInIndex = 1; lastKnownFileType = text.xcconfig; name = "Pods-AFMSlidingCell.release.xcconfig"; path = "Pods/Target Support Files/Pods-AFMSlidingCell/Pods-AFMSlidingCell.release.xcconfig"; sourceTree = "<group>"; };
		900A18AC59761B3F8EADEA66 /* libPods-AFMSlidingCell.a */ = {isa = PBXFileReference; explicitFileType = archive.ar; includeInIndex = 0; path = "libPods-AFMSlidingCell.a"; sourceTree = BUILT_PRODUCTS_DIR; };
		9C076EB31AB0BB13002F863D /* AFMSlidingCell.app */ = {isa = PBXFileReference; explicitFileType = wrapper.application; includeInIndex = 0; path = AFMSlidingCell.app; sourceTree = BUILT_PRODUCTS_DIR; };
		9C076EB71AB0BB13002F863D /* Info.plist */ = {isa = PBXFileReference; lastKnownFileType = text.plist.xml; path = Info.plist; sourceTree = "<group>"; };
		9C076EB81AB0BB13002F863D /* main.m */ = {isa = PBXFileReference; lastKnownFileType = sourcecode.c.objc; path = main.m; sourceTree = "<group>"; };
		9C076EBA1AB0BB13002F863D /* AppDelegate.h */ = {isa = PBXFileReference; lastKnownFileType = sourcecode.c.h; path = AppDelegate.h; sourceTree = "<group>"; };
		9C076EBB1AB0BB13002F863D /* AppDelegate.m */ = {isa = PBXFileReference; lastKnownFileType = sourcecode.c.objc; path = AppDelegate.m; sourceTree = "<group>"; };
		9C076EC11AB0BB13002F863D /* Base */ = {isa = PBXFileReference; lastKnownFileType = file.storyboard; name = Base; path = Base.lproj/Main.storyboard; sourceTree = "<group>"; };
		9C076EC31AB0BB13002F863D /* Images.xcassets */ = {isa = PBXFileReference; lastKnownFileType = folder.assetcatalog; path = Images.xcassets; sourceTree = "<group>"; };
		9C076EC61AB0BB13002F863D /* Base */ = {isa = PBXFileReference; lastKnownFileType = file.xib; name = Base; path = Base.lproj/LaunchScreen.xib; sourceTree = "<group>"; };
		9C076ECC1AB0BB13002F863D /* Tests.xctest */ = {isa = PBXFileReference; explicitFileType = wrapper.cfbundle; includeInIndex = 0; path = Tests.xctest; sourceTree = BUILT_PRODUCTS_DIR; };
		9C076ED11AB0BB13002F863D /* Info.plist */ = {isa = PBXFileReference; lastKnownFileType = text.plist.xml; path = Info.plist; sourceTree = "<group>"; };
		9C076EE21AB0BDA8002F863D /* AFMTableViewController.h */ = {isa = PBXFileReference; fileEncoding = 4; lastKnownFileType = sourcecode.c.h; path = AFMTableViewController.h; sourceTree = "<group>"; };
		9C076EE31AB0BDA8002F863D /* AFMTableViewController.m */ = {isa = PBXFileReference; fileEncoding = 4; lastKnownFileType = sourcecode.c.objc; path = AFMTableViewController.m; sourceTree = "<group>"; };
		9C681F251AB437A90019920A /* AFMSlidingCellSpec.m */ = {isa = PBXFileReference; fileEncoding = 4; lastKnownFileType = sourcecode.c.objc; path = AFMSlidingCellSpec.m; sourceTree = "<group>"; };
		9C681F281AB439A20019920A /* UIKit.framework */ = {isa = PBXFileReference; lastKnownFileType = wrapper.framework; name = UIKit.framework; path = System/Library/Frameworks/UIKit.framework; sourceTree = SDKROOT; };
		9C681F2A1AB439A80019920A /* Foundation.framework */ = {isa = PBXFileReference; lastKnownFileType = wrapper.framework; name = Foundation.framework; path = System/Library/Frameworks/Foundation.framework; sourceTree = SDKROOT; };
		EDAEF4A711603888FE51615A /* libPods-Tests.a */ = {isa = PBXFileReference; explicitFileType = archive.ar; includeInIndex = 0; path = "libPods-Tests.a"; sourceTree = BUILT_PRODUCTS_DIR; };
		FEB370392DBEB7616BD22A5F /* Pods-Tests.debug.xcconfig */ = {isa = PBXFileReference; includeInIndex = 1; lastKnownFileType = text.xcconfig; name = "Pods-Tests.debug.xcconfig"; path = "Pods/Target Support Files/Pods-Tests/Pods-Tests.debug.xcconfig"; sourceTree = "<group>"; };
/* End PBXFileReference section */

/* Begin PBXFrameworksBuildPhase section */
		9C076EB01AB0BB13002F863D /* Frameworks */ = {
			isa = PBXFrameworksBuildPhase;
			buildActionMask = 2147483647;
			files = (
				DEAB71A27E6699EF23FE97B5 /* libPods-AFMSlidingCell.a in Frameworks */,
			);
			runOnlyForDeploymentPostprocessing = 0;
		};
		9C076EC91AB0BB13002F863D /* Frameworks */ = {
			isa = PBXFrameworksBuildPhase;
			buildActionMask = 2147483647;
			files = (
				9C681F2B1AB439A80019920A /* Foundation.framework in Frameworks */,
				9C681F291AB439A20019920A /* UIKit.framework in Frameworks */,
				DA725E7F1A2E08F0706797ED /* libPods-Tests.a in Frameworks */,
			);
			runOnlyForDeploymentPostprocessing = 0;
		};
/* End PBXFrameworksBuildPhase section */

/* Begin PBXGroup section */
		7A8756A035DC0C42F8625CF7 /* Pods */ = {
			isa = PBXGroup;
			children = (
				281F17BA9F521A666007A0BD /* Pods-AFMSlidingCell.debug.xcconfig */,
				56B04ED893DCA97CC26E46EC /* Pods-AFMSlidingCell.release.xcconfig */,
				FEB370392DBEB7616BD22A5F /* Pods-Tests.debug.xcconfig */,
				0065DC2DA420A5510D63FE2E /* Pods-Tests.release.xcconfig */,
			);
			name = Pods;
			sourceTree = "<group>";
		};
		9C076EAA1AB0BB13002F863D = {
			isa = PBXGroup;
			children = (
				9C681F241AB4377B0019920A /* Podspec Metadata */,
				9C076EB51AB0BB13002F863D /* AFMSlidingCell */,
				9C076ECF1AB0BB13002F863D /* Tests */,
				9C076EB41AB0BB13002F863D /* Products */,
				7A8756A035DC0C42F8625CF7 /* Pods */,
				D45BB86CED08ADEAF767A9A5 /* Frameworks */,
			);
			sourceTree = "<group>";
		};
		9C076EB41AB0BB13002F863D /* Products */ = {
			isa = PBXGroup;
			children = (
				9C076EB31AB0BB13002F863D /* AFMSlidingCell.app */,
				9C076ECC1AB0BB13002F863D /* Tests.xctest */,
			);
			name = Products;
			sourceTree = "<group>";
		};
		9C076EB51AB0BB13002F863D /* AFMSlidingCell */ = {
			isa = PBXGroup;
			children = (
				9C076EE21AB0BDA8002F863D /* AFMTableViewController.h */,
				9C076EE31AB0BDA8002F863D /* AFMTableViewController.m */,
				9C076EBA1AB0BB13002F863D /* AppDelegate.h */,
				9C076EBB1AB0BB13002F863D /* AppDelegate.m */,
				9C076EC01AB0BB13002F863D /* Main.storyboard */,
				9C076EC51AB0BB13002F863D /* LaunchScreen.xib */,
				9C076EC31AB0BB13002F863D /* Images.xcassets */,
				9C076EB61AB0BB13002F863D /* Supporting Files */,
			);
			path = AFMSlidingCell;
			sourceTree = "<group>";
		};
		9C076EB61AB0BB13002F863D /* Supporting Files */ = {
			isa = PBXGroup;
			children = (
				9C076EB71AB0BB13002F863D /* Info.plist */,
				9C076EB81AB0BB13002F863D /* main.m */,
			);
			name = "Supporting Files";
			sourceTree = "<group>";
		};
		9C076ECF1AB0BB13002F863D /* Tests */ = {
			isa = PBXGroup;
			children = (
				9C681F251AB437A90019920A /* AFMSlidingCellSpec.m */,
				9C076ED01AB0BB13002F863D /* Supporting Files */,
			);
			name = Tests;
			path = AFMSlidingCellTests;
			sourceTree = "<group>";
		};
		9C076ED01AB0BB13002F863D /* Supporting Files */ = {
			isa = PBXGroup;
			children = (
				9C076ED11AB0BB13002F863D /* Info.plist */,
			);
			name = "Supporting Files";
			sourceTree = "<group>";
		};
		9C681F241AB4377B0019920A /* Podspec Metadata */ = {
			isa = PBXGroup;
			children = (
			);
			name = "Podspec Metadata";
			sourceTree = "<group>";
		};
		D45BB86CED08ADEAF767A9A5 /* Frameworks */ = {
			isa = PBXGroup;
			children = (
				9C681F2A1AB439A80019920A /* Foundation.framework */,
				9C681F281AB439A20019920A /* UIKit.framework */,
				900A18AC59761B3F8EADEA66 /* libPods-AFMSlidingCell.a */,
				EDAEF4A711603888FE51615A /* libPods-Tests.a */,
			);
			name = Frameworks;
			sourceTree = "<group>";
		};
/* End PBXGroup section */

/* Begin PBXNativeTarget section */
		9C076EB21AB0BB13002F863D /* AFMSlidingCell */ = {
			isa = PBXNativeTarget;
			buildConfigurationList = 9C076ED61AB0BB13002F863D /* Build configuration list for PBXNativeTarget "AFMSlidingCell" */;
			buildPhases = (
				F27BA0ECF3748FD06A5E4BB6 /* Check Pods Manifest.lock */,
				9C076EAF1AB0BB13002F863D /* Sources */,
				9C076EB01AB0BB13002F863D /* Frameworks */,
				9C076EB11AB0BB13002F863D /* Resources */,
				765B38E8ADFF38D2B00F4C82 /* Copy Pods Resources */,
			);
			buildRules = (
			);
			dependencies = (
			);
			name = AFMSlidingCell;
			productName = AFMSlidingCell;
			productReference = 9C076EB31AB0BB13002F863D /* AFMSlidingCell.app */;
			productType = "com.apple.product-type.application";
		};
		9C076ECB1AB0BB13002F863D /* Tests */ = {
			isa = PBXNativeTarget;
			buildConfigurationList = 9C076ED91AB0BB13002F863D /* Build configuration list for PBXNativeTarget "Tests" */;
			buildPhases = (
				953715529D8129A6BE182A92 /* Check Pods Manifest.lock */,
				9C076EC81AB0BB13002F863D /* Sources */,
				9C076EC91AB0BB13002F863D /* Frameworks */,
				9C076ECA1AB0BB13002F863D /* Resources */,
				FC8543F6A16E143E150685ED /* Copy Pods Resources */,
			);
			buildRules = (
			);
			dependencies = (
				9C076ECE1AB0BB13002F863D /* PBXTargetDependency */,
			);
			name = Tests;
			productName = AFMSlidingCellTests;
			productReference = 9C076ECC1AB0BB13002F863D /* Tests.xctest */;
			productType = "com.apple.product-type.bundle.unit-test";
		};
/* End PBXNativeTarget section */

/* Begin PBXProject section */
		9C076EAB1AB0BB13002F863D /* Project object */ = {
			isa = PBXProject;
			attributes = {
				CLASSPREFIX = AFM;
				LastUpgradeCheck = 0610;
				ORGANIZATIONNAME = "Artjoms Haleckis";
				TargetAttributes = {
					9C076EB21AB0BB13002F863D = {
						CreatedOnToolsVersion = 6.1.1;
					};
					9C076ECB1AB0BB13002F863D = {
						CreatedOnToolsVersion = 6.1.1;
						TestTargetID = 9C076EB21AB0BB13002F863D;
					};
				};
			};
			buildConfigurationList = 9C076EAE1AB0BB13002F863D /* Build configuration list for PBXProject "AFMSlidingCell" */;
			compatibilityVersion = "Xcode 3.2";
			developmentRegion = English;
			hasScannedForEncodings = 0;
			knownRegions = (
				en,
				Base,
			);
			mainGroup = 9C076EAA1AB0BB13002F863D;
			productRefGroup = 9C076EB41AB0BB13002F863D /* Products */;
			projectDirPath = "";
			projectRoot = "";
			targets = (
				9C076EB21AB0BB13002F863D /* AFMSlidingCell */,
				9C076ECB1AB0BB13002F863D /* Tests */,
			);
		};
/* End PBXProject section */

/* Begin PBXResourcesBuildPhase section */
		9C076EB11AB0BB13002F863D /* Resources */ = {
			isa = PBXResourcesBuildPhase;
			buildActionMask = 2147483647;
			files = (
				9C076EC21AB0BB13002F863D /* Main.storyboard in Resources */,
				9C076EC71AB0BB13002F863D /* LaunchScreen.xib in Resources */,
				9C076EC41AB0BB13002F863D /* Images.xcassets in Resources */,
			);
			runOnlyForDeploymentPostprocessing = 0;
		};
		9C076ECA1AB0BB13002F863D /* Resources */ = {
			isa = PBXResourcesBuildPhase;
			buildActionMask = 2147483647;
			files = (
			);
			runOnlyForDeploymentPostprocessing = 0;
		};
/* End PBXResourcesBuildPhase section */

/* Begin PBXShellScriptBuildPhase section */
		765B38E8ADFF38D2B00F4C82 /* Copy Pods Resources */ = {
			isa = PBXShellScriptBuildPhase;
			buildActionMask = 2147483647;
			files = (
			);
			inputPaths = (
			);
			name = "Copy Pods Resources";
			outputPaths = (
			);
			runOnlyForDeploymentPostprocessing = 0;
			shellPath = /bin/sh;
			shellScript = "\"${SRCROOT}/Pods/Target Support Files/Pods-AFMSlidingCell/Pods-AFMSlidingCell-resources.sh\"\n";
			showEnvVarsInLog = 0;
		};
		953715529D8129A6BE182A92 /* Check Pods Manifest.lock */ = {
			isa = PBXShellScriptBuildPhase;
			buildActionMask = 2147483647;
			files = (
			);
			inputPaths = (
			);
			name = "Check Pods Manifest.lock";
			outputPaths = (
			);
			runOnlyForDeploymentPostprocessing = 0;
			shellPath = /bin/sh;
			shellScript = "diff \"${PODS_ROOT}/../Podfile.lock\" \"${PODS_ROOT}/Manifest.lock\" > /dev/null\nif [[ $? != 0 ]] ; then\n    cat << EOM\nerror: The sandbox is not in sync with the Podfile.lock. Run 'pod install' or update your CocoaPods installation.\nEOM\n    exit 1\nfi\n";
			showEnvVarsInLog = 0;
		};
		F27BA0ECF3748FD06A5E4BB6 /* Check Pods Manifest.lock */ = {
			isa = PBXShellScriptBuildPhase;
			buildActionMask = 2147483647;
			files = (
			);
			inputPaths = (
			);
			name = "Check Pods Manifest.lock";
			outputPaths = (
			);
			runOnlyForDeploymentPostprocessing = 0;
			shellPath = /bin/sh;
			shellScript = "diff \"${PODS_ROOT}/../Podfile.lock\" \"${PODS_ROOT}/Manifest.lock\" > /dev/null\nif [[ $? != 0 ]] ; then\n    cat << EOM\nerror: The sandbox is not in sync with the Podfile.lock. Run 'pod install' or update your CocoaPods installation.\nEOM\n    exit 1\nfi\n";
			showEnvVarsInLog = 0;
		};
		FC8543F6A16E143E150685ED /* Copy Pods Resources */ = {
			isa = PBXShellScriptBuildPhase;
			buildActionMask = 2147483647;
			files = (
			);
			inputPaths = (
			);
			name = "Copy Pods Resources";
			outputPaths = (
			);
			runOnlyForDeploymentPostprocessing = 0;
			shellPath = /bin/sh;
			shellScript = "\"${SRCROOT}/Pods/Target Support Files/Pods-Tests/Pods-Tests-resources.sh\"\n";
			showEnvVarsInLog = 0;
		};
/* End PBXShellScriptBuildPhase section */

/* Begin PBXSourcesBuildPhase section */
		9C076EAF1AB0BB13002F863D /* Sources */ = {
			isa = PBXSourcesBuildPhase;
			buildActionMask = 2147483647;
			files = (
				9C076EE41AB0BDA8002F863D /* AFMTableViewController.m in Sources */,
				9C076EBC1AB0BB13002F863D /* AppDelegate.m in Sources */,
				9C076EB91AB0BB13002F863D /* main.m in Sources */,
			);
			runOnlyForDeploymentPostprocessing = 0;
		};
		9C076EC81AB0BB13002F863D /* Sources */ = {
			isa = PBXSourcesBuildPhase;
			buildActionMask = 2147483647;
			files = (
				9C681F271AB439670019920A /* AFMSlidingCellSpec.m in Sources */,
			);
			runOnlyForDeploymentPostprocessing = 0;
		};
/* End PBXSourcesBuildPhase section */

/* Begin PBXTargetDependency section */
		9C076ECE1AB0BB13002F863D /* PBXTargetDependency */ = {
			isa = PBXTargetDependency;
			target = 9C076EB21AB0BB13002F863D /* AFMSlidingCell */;
			targetProxy = 9C076ECD1AB0BB13002F863D /* PBXContainerItemProxy */;
		};
/* End PBXTargetDependency section */

/* Begin PBXVariantGroup section */
		9C076EC01AB0BB13002F863D /* Main.storyboard */ = {
			isa = PBXVariantGroup;
			children = (
				9C076EC11AB0BB13002F863D /* Base */,
			);
			name = Main.storyboard;
			sourceTree = "<group>";
		};
		9C076EC51AB0BB13002F863D /* LaunchScreen.xib */ = {
			isa = PBXVariantGroup;
			children = (
				9C076EC61AB0BB13002F863D /* Base */,
			);
			name = LaunchScreen.xib;
			sourceTree = "<group>";
		};
/* End PBXVariantGroup section */

/* Begin XCBuildConfiguration section */
		9C076ED41AB0BB13002F863D /* Debug */ = {
			isa = XCBuildConfiguration;
			buildSettings = {
				ALWAYS_SEARCH_USER_PATHS = NO;
				CLANG_CXX_LANGUAGE_STANDARD = "gnu++0x";
				CLANG_CXX_LIBRARY = "libc++";
				CLANG_ENABLE_MODULES = YES;
				CLANG_ENABLE_OBJC_ARC = YES;
				CLANG_WARN_BOOL_CONVERSION = YES;
				CLANG_WARN_CONSTANT_CONVERSION = YES;
				CLANG_WARN_DIRECT_OBJC_ISA_USAGE = YES_ERROR;
				CLANG_WARN_EMPTY_BODY = YES;
				CLANG_WARN_ENUM_CONVERSION = YES;
				CLANG_WARN_INT_CONVERSION = YES;
				CLANG_WARN_OBJC_ROOT_CLASS = YES_ERROR;
				CLANG_WARN_UNREACHABLE_CODE = YES;
				CLANG_WARN__DUPLICATE_METHOD_MATCH = YES;
				"CODE_SIGN_IDENTITY[sdk=iphoneos*]" = "iPhone Developer";
				COPY_PHASE_STRIP = NO;
				ENABLE_STRICT_OBJC_MSGSEND = YES;
				GCC_C_LANGUAGE_STANDARD = gnu99;
				GCC_DYNAMIC_NO_PIC = NO;
				GCC_OPTIMIZATION_LEVEL = 0;
				GCC_PREPROCESSOR_DEFINITIONS = (
					"DEBUG=1",
					"$(inherited)",
				);
				GCC_SYMBOLS_PRIVATE_EXTERN = NO;
				GCC_WARN_64_TO_32_BIT_CONVERSION = YES;
				GCC_WARN_ABOUT_RETURN_TYPE = YES_ERROR;
				GCC_WARN_UNDECLARED_SELECTOR = YES;
				GCC_WARN_UNINITIALIZED_AUTOS = YES_AGGRESSIVE;
				GCC_WARN_UNUSED_FUNCTION = YES;
				GCC_WARN_UNUSED_VARIABLE = YES;
				IPHONEOS_DEPLOYMENT_TARGET = 8.1;
				MTL_ENABLE_DEBUG_INFO = YES;
				ONLY_ACTIVE_ARCH = YES;
				SDKROOT = iphoneos;
			};
			name = Debug;
		};
		9C076ED51AB0BB13002F863D /* Release */ = {
			isa = XCBuildConfiguration;
			buildSettings = {
				ALWAYS_SEARCH_USER_PATHS = NO;
				CLANG_CXX_LANGUAGE_STANDARD = "gnu++0x";
				CLANG_CXX_LIBRARY = "libc++";
				CLANG_ENABLE_MODULES = YES;
				CLANG_ENABLE_OBJC_ARC = YES;
				CLANG_WARN_BOOL_CONVERSION = YES;
				CLANG_WARN_CONSTANT_CONVERSION = YES;
				CLANG_WARN_DIRECT_OBJC_ISA_USAGE = YES_ERROR;
				CLANG_WARN_EMPTY_BODY = YES;
				CLANG_WARN_ENUM_CONVERSION = YES;
				CLANG_WARN_INT_CONVERSION = YES;
				CLANG_WARN_OBJC_ROOT_CLASS = YES_ERROR;
				CLANG_WARN_UNREACHABLE_CODE = YES;
				CLANG_WARN__DUPLICATE_METHOD_MATCH = YES;
				"CODE_SIGN_IDENTITY[sdk=iphoneos*]" = "iPhone Developer";
				COPY_PHASE_STRIP = YES;
				ENABLE_NS_ASSERTIONS = NO;
				ENABLE_STRICT_OBJC_MSGSEND = YES;
				GCC_C_LANGUAGE_STANDARD = gnu99;
				GCC_WARN_64_TO_32_BIT_CONVERSION = YES;
				GCC_WARN_ABOUT_RETURN_TYPE = YES_ERROR;
				GCC_WARN_UNDECLARED_SELECTOR = YES;
				GCC_WARN_UNINITIALIZED_AUTOS = YES_AGGRESSIVE;
				GCC_WARN_UNUSED_FUNCTION = YES;
				GCC_WARN_UNUSED_VARIABLE = YES;
				IPHONEOS_DEPLOYMENT_TARGET = 8.1;
				MTL_ENABLE_DEBUG_INFO = NO;
				SDKROOT = iphoneos;
				VALIDATE_PRODUCT = YES;
			};
			name = Release;
		};
		9C076ED71AB0BB13002F863D /* Debug */ = {
			isa = XCBuildConfiguration;
			baseConfigurationReference = 281F17BA9F521A666007A0BD /* Pods-AFMSlidingCell.debug.xcconfig */;
			buildSettings = {
				ASSETCATALOG_COMPILER_APPICON_NAME = AppIcon;
				INFOPLIST_FILE = AFMSlidingCell/Info.plist;
				LD_RUNPATH_SEARCH_PATHS = "$(inherited) @executable_path/Frameworks";
				PRODUCT_NAME = "$(TARGET_NAME)";
			};
			name = Debug;
		};
		9C076ED81AB0BB13002F863D /* Release */ = {
			isa = XCBuildConfiguration;
			baseConfigurationReference = 56B04ED893DCA97CC26E46EC /* Pods-AFMSlidingCell.release.xcconfig */;
			buildSettings = {
				ASSETCATALOG_COMPILER_APPICON_NAME = AppIcon;
				INFOPLIST_FILE = AFMSlidingCell/Info.plist;
				LD_RUNPATH_SEARCH_PATHS = "$(inherited) @executable_path/Frameworks";
				PRODUCT_NAME = "$(TARGET_NAME)";
			};
			name = Release;
		};
		9C076EDA1AB0BB13002F863D /* Debug */ = {
			isa = XCBuildConfiguration;
			baseConfigurationReference = FEB370392DBEB7616BD22A5F /* Pods-Tests.debug.xcconfig */;
			buildSettings = {
				BUNDLE_LOADER = "$(TEST_HOST)";
				FRAMEWORK_SEARCH_PATHS = (
					"$(SDKROOT)/Developer/Library/Frameworks",
					"$(inherited)",
				);
				GCC_PREPROCESSOR_DEFINITIONS = (
					"DEBUG=1",
					"$(inherited)",
				);
				INFOPLIST_FILE = AFMSlidingCellTests/Info.plist;
				LD_RUNPATH_SEARCH_PATHS = "$(inherited) @executable_path/Frameworks @loader_path/Frameworks";
				PRODUCT_NAME = "$(TARGET_NAME)";
				TEST_HOST = "$(BUILT_PRODUCTS_DIR)/AFMSlidingCell.app/AFMSlidingCell";
			};
			name = Debug;
		};
		9C076EDB1AB0BB13002F863D /* Release */ = {
			isa = XCBuildConfiguration;
			baseConfigurationReference = 0065DC2DA420A5510D63FE2E /* Pods-Tests.release.xcconfig */;
			buildSettings = {
				BUNDLE_LOADER = "$(TEST_HOST)";
				FRAMEWORK_SEARCH_PATHS = (
					"$(SDKROOT)/Developer/Library/Frameworks",
					"$(inherited)",
				);
				INFOPLIST_FILE = AFMSlidingCellTests/Info.plist;
				LD_RUNPATH_SEARCH_PATHS = "$(inherited) @executable_path/Frameworks @loader_path/Frameworks";
				PRODUCT_NAME = "$(TARGET_NAME)";
				TEST_HOST = "$(BUILT_PRODUCTS_DIR)/AFMSlidingCell.app/AFMSlidingCell";
			};
			name = Release;
		};
/* End XCBuildConfiguration section */

/* Begin XCConfigurationList section */
		9C076EAE1AB0BB13002F863D /* Build configuration list for PBXProject "AFMSlidingCell" */ = {
			isa = XCConfigurationList;
			buildConfigurations = (
				9C076ED41AB0BB13002F863D /* Debug */,
				9C076ED51AB0BB13002F863D /* Release */,
			);
			defaultConfigurationIsVisible = 0;
			defaultConfigurationName = Release;
		};
		9C076ED61AB0BB13002F863D /* Build configuration list for PBXNativeTarget "AFMSlidingCell" */ = {
			isa = XCConfigurationList;
			buildConfigurations = (
				9C076ED71AB0BB13002F863D /* Debug */,
				9C076ED81AB0BB13002F863D /* Release */,
			);
			defaultConfigurationIsVisible = 0;
			defaultConfigurationName = Release;
		};
		9C076ED91AB0BB13002F863D /* Build configuration list for PBXNativeTarget "Tests" */ = {
			isa = XCConfigurationList;
			buildConfigurations = (
				9C076EDA1AB0BB13002F863D /* Debug */,
				9C076EDB1AB0BB13002F863D /* Release */,
			);
			defaultConfigurationIsVisible = 0;
			defaultConfigurationName = Release;
		};
/* End XCConfigurationList section */
	};
	rootObject = 9C076EAB1AB0BB13002F863D /* Project object */;
}
